
Microsoft Visual Studio Solution File, Format Version 12.00
# Visual Studio Version 17
VisualStudioVersion = 17.7.34024.191
MinimumVisualStudioVersion = 10.0.40219.1
Project("{FAE04EC0-301F-11D3-BF4B-00C04F79EFBC}") = "C44-G02-EF02", "C44-G02-EF02\C44-G02-EF02.csproj", "{3EB05B7C-782C-4DF0-AEB4-D7803E6F35B9}"
EndProject
Global
	GlobalSection(SolutionConfigurationPlatforms) = preSolution
		Debug|Any CPU = Debug|Any CPU
		Release|Any CPU = Release|Any CPU
	EndGlobalSection
	GlobalSection(ProjectConfigurationPlatforms) = postSolution
		{3EB05B7C-782C-4DF0-AEB4-D7803E6F35B9}.Debug|Any CPU.ActiveCfg = Debug|Any CPU
		{3EB05B7C-782C-4DF0-AEB4-D7803E6F35B9}.Debug|Any CPU.Build.0 = Debug|Any CPU
		{3EB05B7C-782C-4DF0-AEB4-D7803E6F35B9}.Release|Any CPU.ActiveCfg = Release|Any CPU
		{3EB05B7C-782C-4DF0-AEB4-D7803E6F35B9}.Release|Any CPU.Build.0 = Release|Any CPU
	EndGlobalSection
	GlobalSection(SolutionProperties) = preSolution
		HideSolutionNode = FALSE
	EndGlobalSection
	GlobalSection(ExtensibilityGlobals) = postSolution
		SolutionGuid = {7AA09A91-C70D-421E-B22D-87CDD908810B}
	EndGlobalSection
EndGlobal
